# This file is automatically @generated by Cargo.
# It is not intended for manual editing.
version = 4

[[package]]
name = "alloc_demo"
version = "0.1.0"
dependencies = [
 "os32api",
]

[[package]]
name = "hello_gfx"
version = "0.1.0"
dependencies = [
 "os32api",
]

[[package]]
name = "math_test_rs"
version = "0.1.0"
dependencies = [
 "os32_math",
 "os32api",
]

[[package]]
name = "os32_math"
version = "0.1.0"

[[package]]
name = "os32api"
version = "0.1.0"
